// !$*UTF8*$!
{
	archiveVersion = 1;
	classes = {
	};
	objectVersion = 56;
	objects = {

/* Begin PBXBuildFile section */
		AB2EAA662A2B9EF500E2B168 /* AppDelegate.swift in Sources */ = {isa = PBXBuildFile; fileRef = AB2EAA652A2B9EF500E2B168 /* AppDelegate.swift */; };
		AB2EAA682A2B9EF500E2B168 /* SceneDelegate.swift in Sources */ = {isa = PBXBuildFile; fileRef = AB2EAA672A2B9EF500E2B168 /* SceneDelegate.swift */; };
		AB2EAA6A2A2B9EF500E2B168 /* ViewController.swift in Sources */ = {isa = PBXBuildFile; fileRef = AB2EAA692A2B9EF500E2B168 /* ViewController.swift */; };
		AB2EAA6D2A2B9EF500E2B168 /* Main.storyboard in Resources */ = {isa = PBXBuildFile; fileRef = AB2EAA6B2A2B9EF500E2B168 /* Main.storyboard */; };
		AB2EAA702A2B9EF500E2B168 /* memo_23_06.xcdatamodeld in Sources */ = {isa = PBXBuildFile; fileRef = AB2EAA6E2A2B9EF500E2B168 /* memo_23_06.xcdatamodeld */; };
		AB2EAA722A2B9EF600E2B168 /* Assets.xcassets in Resources */ = {isa = PBXBuildFile; fileRef = AB2EAA712A2B9EF600E2B168 /* Assets.xcassets */; };
		AB2EAA752A2B9EF600E2B168 /* LaunchScreen.storyboard in Resources */ = {isa = PBXBuildFile; fileRef = AB2EAA732A2B9EF600E2B168 /* LaunchScreen.storyboard */; };
/* End PBXBuildFile section */

/* Begin PBXFileReference section */
		AB2EAA622A2B9EF500E2B168 /* memo-23-06.app */ = {isa = PBXFileReference; explicitFileType = wrapper.application; includeInIndex = 0; path = "memo-23-06.app"; sourceTree = BUILT_PRODUCTS_DIR; };
		AB2EAA652A2B9EF500E2B168 /* AppDelegate.swift */ = {isa = PBXFileReference; lastKnownFileType = sourcecode.swift; path = AppDelegate.swift; sourceTree = "<group>"; };
		AB2EAA672A2B9EF500E2B168 /* SceneDelegate.swift */ = {isa = PBXFileReference; lastKnownFileType = sourcecode.swift; path = SceneDelegate.swift; sourceTree = "<group>"; };
		AB2EAA692A2B9EF500E2B168 /* ViewController.swift */ = {isa = PBXFileReference; lastKnownFileType = sourcecode.swift; path = ViewController.swift; sourceTree = "<group>"; };
		AB2EAA6C2A2B9EF500E2B168 /* Base */ = {isa = PBXFileReference; lastKnownFileType = file.storyboard; name = Base; path = Base.lproj/Main.storyboard; sourceTree = "<group>"; };
		AB2EAA6F2A2B9EF500E2B168 /* memo_23_06.xcdatamodel */ = {isa = PBXFileReference; lastKnownFileType = wrapper.xcdatamodel; path = memo_23_06.xcdatamodel; sourceTree = "<group>"; };
		AB2EAA712A2B9EF600E2B168 /* Assets.xcassets */ = {isa = PBXFileReference; lastKnownFileType = folder.assetcatalog; path = Assets.xcassets; sourceTree = "<group>"; };
		AB2EAA742A2B9EF600E2B168 /* Base */ = {isa = PBXFileReference; lastKnownFileType = file.storyboard; name = Base; path = Base.lproj/LaunchScreen.storyboard; sourceTree = "<group>"; };
		AB2EAA762A2B9EF600E2B168 /* Info.plist */ = {isa = PBXFileReference; lastKnownFileType = text.plist.xml; path = Info.plist; sourceTree = "<group>"; };
/* End PBXFileReference section */

/* Begin PBXFrameworksBuildPhase section */
		AB2EAA5F2A2B9EF500E2B168 /* Frameworks */ = {
			isa = PBXFrameworksBuildPhase;
			buildActionMask = 2147483647;
			files = (
			);
			runOnlyForDeploymentPostprocessing = 0;
		};
/* End PBXFrameworksBuildPhase section */

/* Begin PBXGroup section */
		AB2EAA592A2B9EF500E2B168 = {
			isa = PBXGroup;
			children = (
				AB2EAA642A2B9EF500E2B168 /* memo-23-06 */,
				AB2EAA632A2B9EF500E2B168 /* Products */,
			);
			sourceTree = "<group>";
		};
		AB2EAA632A2B9EF500E2B168 /* Products */ = {
			isa = PBXGroup;
			children = (
				AB2EAA622A2B9EF500E2B168 /* memo-23-06.app */,
			);
			name = Products;
			sourceTree = "<group>";
		};
		AB2EAA642A2B9EF500E2B168 /* memo-23-06 */ = {
			isa = PBXGroup;
			children = (
				AB2EAA652A2B9EF500E2B168 /* AppDelegate.swift */,
				AB2EAA672A2B9EF500E2B168 /* SceneDelegate.swift */,
				AB2EAA692A2B9EF500E2B168 /* ViewController.swift */,
				AB2EAA6B2A2B9EF500E2B168 /* Main.storyboard */,
				AB2EAA712A2B9EF600E2B168 /* Assets.xcassets */,
				AB2EAA732A2B9EF600E2B168 /* LaunchScreen.storyboard */,
				AB2EAA762A2B9EF600E2B168 /* Info.plist */,
				AB2EAA6E2A2B9EF500E2B168 /* memo_23_06.xcdatamodeld */,
			);
			path = "memo-23-06";
			sourceTree = "<group>";
		};
/* End PBXGroup section */

/* Begin PBXNativeTarget section */
		AB2EAA612A2B9EF500E2B168 /* memo-23-06 */ = {
			isa = PBXNativeTarget;
			buildConfigurationList = AB2EAA792A2B9EF600E2B168 /* Build configuration list for PBXNativeTarget "memo-23-06" */;
			buildPhases = (
				AB2EAA5E2A2B9EF500E2B168 /* Sources */,
				AB2EAA5F2A2B9EF500E2B168 /* Frameworks */,
				AB2EAA602A2B9EF500E2B168 /* Resources */,
			);
			buildRules = (
			);
			dependencies = (
			);
			name = "memo-23-06";
			productName = "memo-23-06";
			productReference = AB2EAA622A2B9EF500E2B168 /* memo-23-06.app */;
			productType = "com.apple.product-type.application";
		};
/* End PBXNativeTarget section */

/* Begin PBXProject section */
		AB2EAA5A2A2B9EF500E2B168 /* Project object */ = {
			isa = PBXProject;
			attributes = {
				BuildIndependentTargetsInParallel = 1;
				LastSwiftUpdateCheck = 1430;
				LastUpgradeCheck = 1430;
				TargetAttributes = {
					AB2EAA612A2B9EF500E2B168 = {
						CreatedOnToolsVersion = 14.3;
					};
				};
			};
			buildConfigurationList = AB2EAA5D2A2B9EF500E2B168 /* Build configuration list for PBXProject "memo-23-06" */;
			compatibilityVersion = "Xcode 14.0";
			developmentRegion = en;
			hasScannedForEncodings = 0;
			knownRegions = (
				en,
				Base,
			);
			mainGroup = AB2EAA592A2B9EF500E2B168;
			productRefGroup = AB2EAA632A2B9EF500E2B168 /* Products */;
			projectDirPath = "";
			projectRoot = "";
			targets = (
				AB2EAA612A2B9EF500E2B168 /* memo-23-06 */,
			);
		};
/* End PBXProject section */

/* Begin PBXResourcesBuildPhase section */
		AB2EAA602A2B9EF500E2B168 /* Resources */ = {
			isa = PBXResourcesBuildPhase;
			buildActionMask = 2147483647;
			files = (
				AB2EAA752A2B9EF600E2B168 /* LaunchScreen.storyboard in Resources */,
				AB2EAA722A2B9EF600E2B168 /* Assets.xcassets in Resources */,
				AB2EAA6D2A2B9EF500E2B168 /* Main.storyboard in Resources */,
			);
			runOnlyForDeploymentPostprocessing = 0;
		};
/* End PBXResourcesBuildPhase section */

/* Begin PBXSourcesBuildPhase section */
		AB2EAA5E2A2B9EF500E2B168 /* Sources */ = {
			isa = PBXSourcesBuildPhase;
			buildActionMask = 2147483647;
			files = (
				AB2EAA6A2A2B9EF500E2B168 /* ViewController.swift in Sources */,
				AB2EAA662A2B9EF500E2B168 /* AppDelegate.swift in Sources */,
				AB2EAA702A2B9EF500E2B168 /* memo_23_06.xcdatamodeld in Sources */,
				AB2EAA682A2B9EF500E2B168 /* SceneDelegate.swift in Sources */,
			);
			runOnlyForDeploymentPostprocessing = 0;
		};
/* End PBXSourcesBuildPhase section */

/* Begin PBXVariantGroup section */
		AB2EAA6B2A2B9EF500E2B168 /* Main.storyboard */ = {
			isa = PBXVariantGroup;
			children = (
				AB2EAA6C2A2B9EF500E2B168 /* Base */,
			);
			name = Main.storyboard;
			sourceTree = "<group>";
		};
		AB2EAA732A2B9EF600E2B168 /* LaunchScreen.storyboard */ = {
			isa = PBXVariantGroup;
			children = (
				AB2EAA742A2B9EF600E2B168 /* Base */,
			);
			name = LaunchScreen.storyboard;
			sourceTree = "<group>";
		};
/* End PBXVariantGroup section */

/* Begin XCBuildConfiguration section */
		AB2EAA772A2B9EF600E2B168 /* Debug */ = {
			isa = XCBuildConfiguration;
			buildSettings = {
				ALWAYS_SEARCH_USER_PATHS = NO;
				CLANG_ANALYZER_NONNULL = YES;
				CLANG_ANALYZER_NUMBER_OBJECT_CONVERSION = YES_AGGRESSIVE;
				CLANG_CXX_LANGUAGE_STANDARD = "gnu++20";
				CLANG_ENABLE_MODULES = YES;
				CLANG_ENABLE_OBJC_ARC = YES;
				CLANG_ENABLE_OBJC_WEAK = YES;
				CLANG_WARN_BLOCK_CAPTURE_AUTORELEASING = YES;
				CLANG_WARN_BOOL_CONVERSION = YES;
				CLANG_WARN_COMMA = YES;
				CLANG_WARN_CONSTANT_CONVERSION = YES;
				CLANG_WARN_DEPRECATED_OBJC_IMPLEMENTATIONS = YES;
				CLANG_WARN_DIRECT_OBJC_ISA_USAGE = YES_ERROR;
				CLANG_WARN_DOCUMENTATION_COMMENTS = YES;
				CLANG_WARN_EMPTY_BODY = YES;
				CLANG_WARN_ENUM_CONVERSION = YES;
				CLANG_WARN_INFINITE_RECURSION = YES;
				CLANG_WARN_INT_CONVERSION = YES;
				CLANG_WARN_NON_LITERAL_NULL_CONVERSION = YES;
				CLANG_WARN_OBJC_IMPLICIT_RETAIN_SELF = YES;
				CLANG_WARN_OBJC_LITERAL_CONVERSION = YES;
				CLANG_WARN_OBJC_ROOT_CLASS = YES_ERROR;
				CLANG_WARN_QUOTED_INCLUDE_IN_FRAMEWORK_HEADER = YES;
				CLANG_WARN_RANGE_LOOP_ANALYSIS = YES;
				CLANG_WARN_STRICT_PROTOTYPES = YES;
				CLANG_WARN_SUSPICIOUS_MOVE = YES;
				CLANG_WARN_UNGUARDED_AVAILABILITY = YES_AGGRESSIVE;
				CLANG_WARN_UNREACHABLE_CODE = YES;
				CLANG_WARN__DUPLICATE_METHOD_MATCH = YES;
				COPY_PHASE_STRIP = NO;
				DEBUG_INFORMATION_FORMAT = dwarf;
				ENABLE_STRICT_OBJC_MSGSEND = YES;
				ENABLE_TESTABILITY = YES;
				GCC_C_LANGUAGE_STANDARD = gnu11;
				GCC_DYNAMIC_NO_PIC = NO;
				GCC_NO_COMMON_BLOCKS = YES;
				GCC_OPTIMIZATION_LEVEL = 0;
				GCC_PREPROCESSOR_DEFINITIONS = (
					"DEBUG=1",
					"$(inherited)",
				);
				GCC_WARN_64_TO_32_BIT_CONVERSION = YES;
				GCC_WARN_ABOUT_RETURN_TYPE = YES_ERROR;
				GCC_WARN_UNDECLARED_SELECTOR = YES;
				GCC_WARN_UNINITIALIZED_AUTOS = YES_AGGRESSIVE;
				GCC_WARN_UNUSED_FUNCTION = YES;
				GCC_WARN_UNUSED_VARIABLE = YES;
				IPHONEOS_DEPLOYMENT_TARGET = 16.4;
				MTL_ENABLE_DEBUG_INFO = INCLUDE_SOURCE;
				MTL_FAST_MATH = YES;
				ONLY_ACTIVE_ARCH = YES;
				SDKROOT = iphoneos;
				SWIFT_ACTIVE_COMPILATION_CONDITIONS = DEBUG;
				SWIFT_OPTIMIZATION_LEVEL = "-Onone";
			};
			name = Debug;
		};
		AB2EAA782A2B9EF600E2B168 /* Release */ = {
			isa = XCBuildConfiguration;
			buildSettings = {
				ALWAYS_SEARCH_USER_PATHS = NO;
				CLANG_ANALYZER_NONNULL = YES;
				CLANG_ANALYZER_NUMBER_OBJECT_CONVERSION = YES_AGGRESSIVE;
				CLANG_CXX_LANGUAGE_STANDARD = "gnu++20";
				CLANG_ENABLE_MODULES = YES;
				CLANG_ENABLE_OBJC_ARC = YES;
				CLANG_ENABLE_OBJC_WEAK = YES;
				CLANG_WARN_BLOCK_CAPTURE_AUTORELEASING = YES;
				CLANG_WARN_BOOL_CONVERSION = YES;
				CLANG_WARN_COMMA = YES;
				CLANG_WARN_CONSTANT_CONVERSION = YES;
				CLANG_WARN_DEPRECATED_OBJC_IMPLEMENTATIONS = YES;
				CLANG_WARN_DIRECT_OBJC_ISA_USAGE = YES_ERROR;
				CLANG_WARN_DOCUMENTATION_COMMENTS = YES;
				CLANG_WARN_EMPTY_BODY = YES;
				CLANG_WARN_ENUM_CONVERSION = YES;
				CLANG_WARN_INFINITE_RECURSION = YES;
				CLANG_WARN_INT_CONVERSION = YES;
				CLANG_WARN_NON_LITERAL_NULL_CONVERSION = YES;
				CLANG_WARN_OBJC_IMPLICIT_RETAIN_SELF = YES;
				CLANG_WARN_OBJC_LITERAL_CONVERSION = YES;
				CLANG_WARN_OBJC_ROOT_CLASS = YES_ERROR;
				CLANG_WARN_QUOTED_INCLUDE_IN_FRAMEWORK_HEADER = YES;
				CLANG_WARN_RANGE_LOOP_ANALYSIS = YES;
				CLANG_WARN_STRICT_PROTOTYPES = YES;
				CLANG_WARN_SUSPICIOUS_MOVE = YES;
				CLANG_WARN_UNGUARDED_AVAILABILITY = YES_AGGRESSIVE;
				CLANG_WARN_UNREACHABLE_CODE = YES;
				CLANG_WARN__DUPLICATE_METHOD_MATCH = YES;
				COPY_PHASE_STRIP = NO;
				DEBUG_INFORMATION_FORMAT = "dwarf-with-dsym";
				ENABLE_NS_ASSERTIONS = NO;
				ENABLE_STRICT_OBJC_MSGSEND = YES;
				GCC_C_LANGUAGE_STANDARD = gnu11;
				GCC_NO_COMMON_BLOCKS = YES;
				GCC_WARN_64_TO_32_BIT_CONVERSION = YES;
				GCC_WARN_ABOUT_RETURN_TYPE = YES_ERROR;
				GCC_WARN_UNDECLARED_SELECTOR = YES;
				GCC_WARN_UNINITIALIZED_AUTOS = YES_AGGRESSIVE;
				GCC_WARN_UNUSED_FUNCTION = YES;
				GCC_WARN_UNUSED_VARIABLE = YES;
				IPHONEOS_DEPLOYMENT_TARGET = 16.4;
				MTL_ENABLE_DEBUG_INFO = NO;
				MTL_FAST_MATH = YES;
				SDKROOT = iphoneos;
				SWIFT_COMPILATION_MODE = wholemodule;
				SWIFT_OPTIMIZATION_LEVEL = "-O";
				VALIDATE_PRODUCT = YES;
			};
			name = Release;
		};
		AB2EAA7A2A2B9EF600E2B168 /* Debug */ = {
			isa = XCBuildConfiguration;
			buildSettings = {
				ASSETCATALOG_COMPILER_APPICON_NAME = AppIcon;
				ASSETCATALOG_COMPILER_GLOBAL_ACCENT_COLOR_NAME = AccentColor;
				CODE_SIGN_STYLE = Automatic;
				CURRENT_PROJECT_VERSION = 1;
				DEVELOPMENT_TEAM = NH7BJRH7T4;
				GENERATE_INFOPLIST_FILE = YES;
				INFOPLIST_FILE = "memo-23-06/Info.plist";
				INFOPLIST_KEY_UIApplicationSupportsIndirectInputEvents = YES;
				INFOPLIST_KEY_UILaunchStoryboardName = LaunchScreen;
				INFOPLIST_KEY_UIMainStoryboardFile = Main;
				INFOPLIST_KEY_UISupportedInterfaceOrientations_iPad = "UIInterfaceOrientationPortrait UIInterfaceOrientationPortraitUpsideDown UIInterfaceOrientationLandscapeLeft UIInterfaceOrientationLandscapeRight";
				INFOPLIST_KEY_UISupportedInterfaceOrientations_iPhone = "UIInterfaceOrientationPortrait UIInterfaceOrientationLandscapeLeft UIInterfaceOrientationLandscapeRight";
				LD_RUNPATH_SEARCH_PATHS = (
					"$(inherited)",
					"@executable_path/Frameworks",
				);
				MARKETING_VERSION = 1.0;
				PRODUCT_BUNDLE_IDENTIFIER = "com.shunsuke-soeyama.memo-23-06";
				PRODUCT_NAME = "$(TARGET_NAME)";
				SWIFT_EMIT_LOC_STRINGS = YES;
				SWIFT_VERSION = 5.0;
				TARGETED_DEVICE_FAMILY = "1,2";
			};
			name = Debug;
		};
		AB2EAA7B2A2B9EF600E2B168 /* Release */ = {
			isa = XCBuildConfiguration;
			buildSettings = {
				ASSETCATALOG_COMPILER_APPICON_NAME = AppIcon;
				ASSETCATALOG_COMPILER_GLOBAL_ACCENT_COLOR_NAME = AccentColor;
				CODE_SIGN_STYLE = Automatic;
				CURRENT_PROJECT_VERSION = 1;
				DEVELOPMENT_TEAM = NH7BJRH7T4;
				GENERATE_INFOPLIST_FILE = YES;
				INFOPLIST_FILE = "memo-23-06/Info.plist";
				INFOPLIST_KEY_UIApplicationSupportsIndirectInputEvents = YES;
				INFOPLIST_KEY_UILaunchStoryboardName = LaunchScreen;
				INFOPLIST_KEY_UIMainStoryboardFile = Main;
				INFOPLIST_KEY_UISupportedInterfaceOrientations_iPad = "UIInterfaceOrientationPortrait UIInterfaceOrientationPortraitUpsideDown UIInterfaceOrientationLandscapeLeft UIInterfaceOrientationLandscapeRight";
				INFOPLIST_KEY_UISupportedInterfaceOrientations_iPhone = "UIInterfaceOrientationPortrait UIInterfaceOrientationLandscapeLeft UIInterfaceOrientationLandscapeRight";
				LD_RUNPATH_SEARCH_PATHS = (
					"$(inherited)",
					"@executable_path/Frameworks",
				);
				MARKETING_VERSION = 1.0;
				PRODUCT_BUNDLE_IDENTIFIER = "com.shunsuke-soeyama.memo-23-06";
				PRODUCT_NAME = "$(TARGET_NAME)";
				SWIFT_EMIT_LOC_STRINGS = YES;
				SWIFT_VERSION = 5.0;
				TARGETED_DEVICE_FAMILY = "1,2";
			};
			name = Release;
		};
/* End XCBuildConfiguration section */

/* Begin XCConfigurationList section */
		AB2EAA5D2A2B9EF500E2B168 /* Build configuration list for PBXProject "memo-23-06" */ = {
			isa = XCConfigurationList;
			buildConfigurations = (
				AB2EAA772A2B9EF600E2B168 /* Debug */,
				AB2EAA782A2B9EF600E2B168 /* Release */,
			);
			defaultConfigurationIsVisible = 0;
			defaultConfigurationName = Release;
		};
		AB2EAA792A2B9EF600E2B168 /* Build configuration list for PBXNativeTarget "memo-23-06" */ = {
			isa = XCConfigurationList;
			buildConfigurations = (
				AB2EAA7A2A2B9EF600E2B168 /* Debug */,
				AB2EAA7B2A2B9EF600E2B168 /* Release */,
			);
			defaultConfigurationIsVisible = 0;
			defaultConfigurationName = Release;
		};
/* End XCConfigurationList section */

/* Begin XCVersionGroup section */
		AB2EAA6E2A2B9EF500E2B168 /* memo_23_06.xcdatamodeld */ = {
			isa = XCVersionGroup;
			children = (
				AB2EAA6F2A2B9EF500E2B168 /* memo_23_06.xcdatamodel */,
			);
			currentVersion = AB2EAA6F2A2B9EF500E2B168 /* memo_23_06.xcdatamodel */;
			path = memo_23_06.xcdatamodeld;
			sourceTree = "<group>";
			versionGroupType = wrapper.xcdatamodel;
		};
/* End XCVersionGroup section */
	};
	rootObject = AB2EAA5A2A2B9EF500E2B168 /* Project object */;
}
